
Microsoft Visual Studio Solution File, Format Version 12.00
# Visual Studio Version 17
VisualStudioVersion = 17.11.35312.102
MinimumVisualStudioVersion = 10.0.40219.1
Project("{2150E333-8FDC-42A3-9474-1A3956D46DE8}") = "Business", "Business", "{791B15EB-4BF0-4DAB-92EA-F8979053642E}"
EndProject
Project("{2150E333-8FDC-42A3-9474-1A3956D46DE8}") = "Data", "Data", "{EF58377C-434B-420B-A9C9-68E499E13E93}"
EndProject
Project("{2150E333-8FDC-42A3-9474-1A3956D46DE8}") = "Model", "Model", "{1B2EC3B7-EB5B-44E2-AFC9-BAC6DC5FB5C7}"
EndProject
Project("{2150E333-8FDC-42A3-9474-1A3956D46DE8}") = "Presentation", "Presentation", "{D1C9F664-64EB-40BF-97C8-A603C41FD0BD}"
EndProject
Project("{9A19103F-16F7-4668-BE54-9A1E7A4F7556}") = "MyDictionary.API", "MyDictionary.API\MyDictionary.API.csproj", "{CE02B011-DA35-4D3F-AEBD-FCA41E4F84CF}"
EndProject
Project("{9A19103F-16F7-4668-BE54-9A1E7A4F7556}") = "MyDictionary.Redis", "MyDictionary.Redis\MyDictionary.Redis.csproj", "{4564D9C5-40BD-4093-8CB9-E0ADA6CAF70B}"
EndProject
Project("{2150E333-8FDC-42A3-9474-1A3956D46DE8}") = "Cache", "Cache", "{B1ACE870-88D4-4A1F-8BE1-6D62D8011415}"
EndProject
Project("{2150E333-8FDC-42A3-9474-1A3956D46DE8}") = "User", "User", "{1DBF73B0-DE22-4590-B25A-21FB26827F4C}"
EndProject
Project("{FAE04EC0-301F-11D3-BF4B-00C04F79EFBC}") = "MyDictionary.Business.Users", "MyDictionary.User\MyDictionary.Business.Users.csproj", "{54307CB5-78E0-4DA7-9DF3-96C6A4D75690}"
EndProject
Project("{FAE04EC0-301F-11D3-BF4B-00C04F79EFBC}") = "MyDictionary.Model.Users", "MyDictionary.User.Model\MyDictionary.Model.Users.csproj", "{C33ED8E6-DB2E-4548-A7DC-2871C33131A7}"
EndProject
Project("{FAE04EC0-301F-11D3-BF4B-00C04F79EFBC}") = "MyDictionary.Enums", "MyDictionary.Enums\MyDictionary.Enums.csproj", "{12399078-D4D0-4AAE-8560-84E0DCDAC822}"
EndProject
Project("{FAE04EC0-301F-11D3-BF4B-00C04F79EFBC}") = "MyDictionary.Data.Users", "MyDictionary.Data.User\MyDictionary.Data.Users.csproj", "{40B2EB3B-F39E-4A1A-932B-29866AB8484F}"
EndProject
Project("{FAE04EC0-301F-11D3-BF4B-00C04F79EFBC}") = "MyDictionary.Model.Common", "MyDictionary.Model.Common\MyDictionary.Model.Common.csproj", "{238624AE-EBB2-49FE-A92D-A8F3ED484F63}"
EndProject
Global
	GlobalSection(SolutionConfigurationPlatforms) = preSolution
		Debug|Any CPU = Debug|Any CPU
		Release|Any CPU = Release|Any CPU
	EndGlobalSection
	GlobalSection(ProjectConfigurationPlatforms) = postSolution
		{CE02B011-DA35-4D3F-AEBD-FCA41E4F84CF}.Debug|Any CPU.ActiveCfg = Debug|Any CPU
		{CE02B011-DA35-4D3F-AEBD-FCA41E4F84CF}.Debug|Any CPU.Build.0 = Debug|Any CPU
		{CE02B011-DA35-4D3F-AEBD-FCA41E4F84CF}.Release|Any CPU.ActiveCfg = Release|Any CPU
		{CE02B011-DA35-4D3F-AEBD-FCA41E4F84CF}.Release|Any CPU.Build.0 = Release|Any CPU
		{4564D9C5-40BD-4093-8CB9-E0ADA6CAF70B}.Debug|Any CPU.ActiveCfg = Debug|Any CPU
		{4564D9C5-40BD-4093-8CB9-E0ADA6CAF70B}.Debug|Any CPU.Build.0 = Debug|Any CPU
		{4564D9C5-40BD-4093-8CB9-E0ADA6CAF70B}.Release|Any CPU.ActiveCfg = Release|Any CPU
		{4564D9C5-40BD-4093-8CB9-E0ADA6CAF70B}.Release|Any CPU.Build.0 = Release|Any CPU
		{54307CB5-78E0-4DA7-9DF3-96C6A4D75690}.Debug|Any CPU.ActiveCfg = Debug|Any CPU
		{54307CB5-78E0-4DA7-9DF3-96C6A4D75690}.Debug|Any CPU.Build.0 = Debug|Any CPU
		{54307CB5-78E0-4DA7-9DF3-96C6A4D75690}.Release|Any CPU.ActiveCfg = Release|Any CPU
		{54307CB5-78E0-4DA7-9DF3-96C6A4D75690}.Release|Any CPU.Build.0 = Release|Any CPU
		{C33ED8E6-DB2E-4548-A7DC-2871C33131A7}.Debug|Any CPU.ActiveCfg = Debug|Any CPU
		{C33ED8E6-DB2E-4548-A7DC-2871C33131A7}.Debug|Any CPU.Build.0 = Debug|Any CPU
		{C33ED8E6-DB2E-4548-A7DC-2871C33131A7}.Release|Any CPU.ActiveCfg = Release|Any CPU
		{C33ED8E6-DB2E-4548-A7DC-2871C33131A7}.Release|Any CPU.Build.0 = Release|Any CPU
		{12399078-D4D0-4AAE-8560-84E0DCDAC822}.Debug|Any CPU.ActiveCfg = Debug|Any CPU
		{12399078-D4D0-4AAE-8560-84E0DCDAC822}.Debug|Any CPU.Build.0 = Debug|Any CPU
		{12399078-D4D0-4AAE-8560-84E0DCDAC822}.Release|Any CPU.ActiveCfg = Release|Any CPU
		{12399078-D4D0-4AAE-8560-84E0DCDAC822}.Release|Any CPU.Build.0 = Release|Any CPU
		{40B2EB3B-F39E-4A1A-932B-29866AB8484F}.Debug|Any CPU.ActiveCfg = Debug|Any CPU
		{40B2EB3B-F39E-4A1A-932B-29866AB8484F}.Debug|Any CPU.Build.0 = Debug|Any CPU
		{40B2EB3B-F39E-4A1A-932B-29866AB8484F}.Release|Any CPU.ActiveCfg = Release|Any CPU
		{40B2EB3B-F39E-4A1A-932B-29866AB8484F}.Release|Any CPU.Build.0 = Release|Any CPU
		{238624AE-EBB2-49FE-A92D-A8F3ED484F63}.Debug|Any CPU.ActiveCfg = Debug|Any CPU
		{238624AE-EBB2-49FE-A92D-A8F3ED484F63}.Debug|Any CPU.Build.0 = Debug|Any CPU
		{238624AE-EBB2-49FE-A92D-A8F3ED484F63}.Release|Any CPU.ActiveCfg = Release|Any CPU
		{238624AE-EBB2-49FE-A92D-A8F3ED484F63}.Release|Any CPU.Build.0 = Release|Any CPU
	EndGlobalSection
	GlobalSection(SolutionProperties) = preSolution
		HideSolutionNode = FALSE
	EndGlobalSection
	GlobalSection(NestedProjects) = preSolution
		{CE02B011-DA35-4D3F-AEBD-FCA41E4F84CF} = {D1C9F664-64EB-40BF-97C8-A603C41FD0BD}
		{4564D9C5-40BD-4093-8CB9-E0ADA6CAF70B} = {B1ACE870-88D4-4A1F-8BE1-6D62D8011415}
		{B1ACE870-88D4-4A1F-8BE1-6D62D8011415} = {791B15EB-4BF0-4DAB-92EA-F8979053642E}
		{1DBF73B0-DE22-4590-B25A-21FB26827F4C} = {791B15EB-4BF0-4DAB-92EA-F8979053642E}
		{54307CB5-78E0-4DA7-9DF3-96C6A4D75690} = {1DBF73B0-DE22-4590-B25A-21FB26827F4C}
		{C33ED8E6-DB2E-4548-A7DC-2871C33131A7} = {1B2EC3B7-EB5B-44E2-AFC9-BAC6DC5FB5C7}
		{12399078-D4D0-4AAE-8560-84E0DCDAC822} = {1B2EC3B7-EB5B-44E2-AFC9-BAC6DC5FB5C7}
		{40B2EB3B-F39E-4A1A-932B-29866AB8484F} = {EF58377C-434B-420B-A9C9-68E499E13E93}
		{238624AE-EBB2-49FE-A92D-A8F3ED484F63} = {1B2EC3B7-EB5B-44E2-AFC9-BAC6DC5FB5C7}
	EndGlobalSection
	GlobalSection(ExtensibilityGlobals) = postSolution
		SolutionGuid = {D6830DC0-52D2-42B3-AB36-C83B7CC44C42}
	EndGlobalSection
EndGlobal
